// !$*UTF8*$!
{
	archiveVersion = 1;
	classes = {
	};
	objectVersion = 46;
	objects = {

/* Begin PBXBuildFile section */
		70601DBA1DB8070C00B7D7A9 /* AppDelegate.swift in Sources */ = {isa = PBXBuildFile; fileRef = 70601DB91DB8070C00B7D7A9 /* AppDelegate.swift */; };
		70601DBC1DB8070C00B7D7A9 /* PaintingInfoViewController.swift in Sources */ = {isa = PBXBuildFile; fileRef = 70601DBB1DB8070C00B7D7A9 /* PaintingInfoViewController.swift */; };
		70601DBF1DB8070C00B7D7A9 /* Main.storyboard in Resources */ = {isa = PBXBuildFile; fileRef = 70601DBD1DB8070C00B7D7A9 /* Main.storyboard */; };
		70601DC11DB8070C00B7D7A9 /* Assets.xcassets in Resources */ = {isa = PBXBuildFile; fileRef = 70601DC01DB8070C00B7D7A9 /* Assets.xcassets */; };
		70601DC41DB8070C00B7D7A9 /* LaunchScreen.storyboard in Resources */ = {isa = PBXBuildFile; fileRef = 70601DC21DB8070C00B7D7A9 /* LaunchScreen.storyboard */; };
		70601DCF1DB8070C00B7D7A9 /* EgglestonFineArtTests.swift in Sources */ = {isa = PBXBuildFile; fileRef = 70601DCE1DB8070C00B7D7A9 /* EgglestonFineArtTests.swift */; };
		70601DDA1DB8070C00B7D7A9 /* EgglestonFineArtUITests.swift in Sources */ = {isa = PBXBuildFile; fileRef = 70601DD91DB8070C00B7D7A9 /* EgglestonFineArtUITests.swift */; };
		707FC9F21DB80DC6003A1F83 /* CulturalAttractions.swift in Sources */ = {isa = PBXBuildFile; fileRef = 707FC9EF1DB80DC6003A1F83 /* CulturalAttractions.swift */; };
		707FC9F31DB80DC6003A1F83 /* Museum.swift in Sources */ = {isa = PBXBuildFile; fileRef = 707FC9F01DB80DC6003A1F83 /* Museum.swift */; };
		707FC9F41DB80DC6003A1F83 /* Painting.swift in Sources */ = {isa = PBXBuildFile; fileRef = 707FC9F11DB80DC6003A1F83 /* Painting.swift */; };
		707FC9F61DB80ED6003A1F83 /* CulturalAttractionsTableViewTableViewController.swift in Sources */ = {isa = PBXBuildFile; fileRef = 707FC9F51DB80ED6003A1F83 /* CulturalAttractionsTableViewTableViewController.swift */; };
		707FC9F81DB80EE4003A1F83 /* PaintingsTableViewController.swift in Sources */ = {isa = PBXBuildFile; fileRef = 707FC9F71DB80EE4003A1F83 /* PaintingsTableViewController.swift */; };
/* End PBXBuildFile section */

/* Begin PBXContainerItemProxy section */
		70601DCB1DB8070C00B7D7A9 /* PBXContainerItemProxy */ = {
			isa = PBXContainerItemProxy;
			containerPortal = 70601DAE1DB8070C00B7D7A9 /* Project object */;
			proxyType = 1;
			remoteGlobalIDString = 70601DB51DB8070C00B7D7A9;
			remoteInfo = EgglestonFineArt;
		};
		70601DD61DB8070C00B7D7A9 /* PBXContainerItemProxy */ = {
			isa = PBXContainerItemProxy;
			containerPortal = 70601DAE1DB8070C00B7D7A9 /* Project object */;
			proxyType = 1;
			remoteGlobalIDString = 70601DB51DB8070C00B7D7A9;
			remoteInfo = EgglestonFineArt;
		};
/* End PBXContainerItemProxy section */

/* Begin PBXFileReference section */
		70601DB61DB8070C00B7D7A9 /* EgglestonFineArt.app */ = {isa = PBXFileReference; explicitFileType = wrapper.application; includeInIndex = 0; path = EgglestonFineArt.app; sourceTree = BUILT_PRODUCTS_DIR; };
		70601DB91DB8070C00B7D7A9 /* AppDelegate.swift */ = {isa = PBXFileReference; lastKnownFileType = sourcecode.swift; path = AppDelegate.swift; sourceTree = "<group>"; };
		70601DBB1DB8070C00B7D7A9 /* PaintingInfoViewController.swift */ = {isa = PBXFileReference; lastKnownFileType = sourcecode.swift; path = PaintingInfoViewController.swift; sourceTree = "<group>"; };
		70601DBE1DB8070C00B7D7A9 /* Base */ = {isa = PBXFileReference; lastKnownFileType = file.storyboard; name = Base; path = Base.lproj/Main.storyboard; sourceTree = "<group>"; };
		70601DC01DB8070C00B7D7A9 /* Assets.xcassets */ = {isa = PBXFileReference; lastKnownFileType = folder.assetcatalog; path = Assets.xcassets; sourceTree = "<group>"; };
		70601DC31DB8070C00B7D7A9 /* Base */ = {isa = PBXFileReference; lastKnownFileType = file.storyboard; name = Base; path = Base.lproj/LaunchScreen.storyboard; sourceTree = "<group>"; };
		70601DC51DB8070C00B7D7A9 /* Info.plist */ = {isa = PBXFileReference; lastKnownFileType = text.plist.xml; path = Info.plist; sourceTree = "<group>"; };
		70601DCA1DB8070C00B7D7A9 /* EgglestonFineArtTests.xctest */ = {isa = PBXFileReference; explicitFileType = wrapper.cfbundle; includeInIndex = 0; path = EgglestonFineArtTests.xctest; sourceTree = BUILT_PRODUCTS_DIR; };
		70601DCE1DB8070C00B7D7A9 /* EgglestonFineArtTests.swift */ = {isa = PBXFileReference; lastKnownFileType = sourcecode.swift; path = EgglestonFineArtTests.swift; sourceTree = "<group>"; };
		70601DD01DB8070C00B7D7A9 /* Info.plist */ = {isa = PBXFileReference; lastKnownFileType = text.plist.xml; path = Info.plist; sourceTree = "<group>"; };
		70601DD51DB8070C00B7D7A9 /* EgglestonFineArtUITests.xctest */ = {isa = PBXFileReference; explicitFileType = wrapper.cfbundle; includeInIndex = 0; path = EgglestonFineArtUITests.xctest; sourceTree = BUILT_PRODUCTS_DIR; };
		70601DD91DB8070C00B7D7A9 /* EgglestonFineArtUITests.swift */ = {isa = PBXFileReference; lastKnownFileType = sourcecode.swift; path = EgglestonFineArtUITests.swift; sourceTree = "<group>"; };
		70601DDB1DB8070C00B7D7A9 /* Info.plist */ = {isa = PBXFileReference; lastKnownFileType = text.plist.xml; path = Info.plist; sourceTree = "<group>"; };
		707FC9EF1DB80DC6003A1F83 /* CulturalAttractions.swift */ = {isa = PBXFileReference; fileEncoding = 4; lastKnownFileType = sourcecode.swift; path = CulturalAttractions.swift; sourceTree = "<group>"; };
		707FC9F01DB80DC6003A1F83 /* Museum.swift */ = {isa = PBXFileReference; fileEncoding = 4; lastKnownFileType = sourcecode.swift; path = Museum.swift; sourceTree = "<group>"; };
		707FC9F11DB80DC6003A1F83 /* Painting.swift */ = {isa = PBXFileReference; fileEncoding = 4; lastKnownFileType = sourcecode.swift; path = Painting.swift; sourceTree = "<group>"; };
		707FC9F51DB80ED6003A1F83 /* CulturalAttractionsTableViewTableViewController.swift */ = {isa = PBXFileReference; fileEncoding = 4; lastKnownFileType = sourcecode.swift; path = CulturalAttractionsTableViewTableViewController.swift; sourceTree = "<group>"; };
		707FC9F71DB80EE4003A1F83 /* PaintingsTableViewController.swift */ = {isa = PBXFileReference; fileEncoding = 4; lastKnownFileType = sourcecode.swift; path = PaintingsTableViewController.swift; sourceTree = "<group>"; };
/* End PBXFileReference section */

/* Begin PBXFrameworksBuildPhase section */
		70601DB31DB8070C00B7D7A9 /* Frameworks */ = {
			isa = PBXFrameworksBuildPhase;
			buildActionMask = 2147483647;
			files = (
			);
			runOnlyForDeploymentPostprocessing = 0;
		};
		70601DC71DB8070C00B7D7A9 /* Frameworks */ = {
			isa = PBXFrameworksBuildPhase;
			buildActionMask = 2147483647;
			files = (
			);
			runOnlyForDeploymentPostprocessing = 0;
		};
		70601DD21DB8070C00B7D7A9 /* Frameworks */ = {
			isa = PBXFrameworksBuildPhase;
			buildActionMask = 2147483647;
			files = (
			);
			runOnlyForDeploymentPostprocessing = 0;
		};
/* End PBXFrameworksBuildPhase section */

/* Begin PBXGroup section */
		70601DAD1DB8070C00B7D7A9 = {
			isa = PBXGroup;
			children = (
				70601DB81DB8070C00B7D7A9 /* EgglestonFineArt */,
				70601DCD1DB8070C00B7D7A9 /* EgglestonFineArtTests */,
				70601DD81DB8070C00B7D7A9 /* EgglestonFineArtUITests */,
				70601DB71DB8070C00B7D7A9 /* Products */,
			);
			sourceTree = "<group>";
		};
		70601DB71DB8070C00B7D7A9 /* Products */ = {
			isa = PBXGroup;
			children = (
				70601DB61DB8070C00B7D7A9 /* EgglestonFineArt.app */,
				70601DCA1DB8070C00B7D7A9 /* EgglestonFineArtTests.xctest */,
				70601DD51DB8070C00B7D7A9 /* EgglestonFineArtUITests.xctest */,
			);
			name = Products;
			sourceTree = "<group>";
		};
		70601DB81DB8070C00B7D7A9 /* EgglestonFineArt */ = {
			isa = PBXGroup;
			children = (
				70601DB91DB8070C00B7D7A9 /* AppDelegate.swift */,
				70601DBB1DB8070C00B7D7A9 /* PaintingInfoViewController.swift */,
				707FC9F51DB80ED6003A1F83 /* CulturalAttractionsTableViewTableViewController.swift */,
				707FC9F71DB80EE4003A1F83 /* PaintingsTableViewController.swift */,
				70601DBD1DB8070C00B7D7A9 /* Main.storyboard */,
				70601DC01DB8070C00B7D7A9 /* Assets.xcassets */,
				70601DC21DB8070C00B7D7A9 /* LaunchScreen.storyboard */,
				70601DC51DB8070C00B7D7A9 /* Info.plist */,
				707FC9EF1DB80DC6003A1F83 /* CulturalAttractions.swift */,
				707FC9F01DB80DC6003A1F83 /* Museum.swift */,
				707FC9F11DB80DC6003A1F83 /* Painting.swift */,
			);
			path = EgglestonFineArt;
			sourceTree = "<group>";
		};
		70601DCD1DB8070C00B7D7A9 /* EgglestonFineArtTests */ = {
			isa = PBXGroup;
			children = (
				70601DCE1DB8070C00B7D7A9 /* EgglestonFineArtTests.swift */,
				70601DD01DB8070C00B7D7A9 /* Info.plist */,
			);
			path = EgglestonFineArtTests;
			sourceTree = "<group>";
		};
		70601DD81DB8070C00B7D7A9 /* EgglestonFineArtUITests */ = {
			isa = PBXGroup;
			children = (
				70601DD91DB8070C00B7D7A9 /* EgglestonFineArtUITests.swift */,
				70601DDB1DB8070C00B7D7A9 /* Info.plist */,
			);
			path = EgglestonFineArtUITests;
			sourceTree = "<group>";
		};
/* End PBXGroup section */

/* Begin PBXNativeTarget section */
		70601DB51DB8070C00B7D7A9 /* EgglestonFineArt */ = {
			isa = PBXNativeTarget;
			buildConfigurationList = 70601DDE1DB8070C00B7D7A9 /* Build configuration list for PBXNativeTarget "EgglestonFineArt" */;
			buildPhases = (
				70601DB21DB8070C00B7D7A9 /* Sources */,
				70601DB31DB8070C00B7D7A9 /* Frameworks */,
				70601DB41DB8070C00B7D7A9 /* Resources */,
			);
			buildRules = (
			);
			dependencies = (
			);
			name = EgglestonFineArt;
			productName = EgglestonFineArt;
			productReference = 70601DB61DB8070C00B7D7A9 /* EgglestonFineArt.app */;
			productType = "com.apple.product-type.application";
		};
		70601DC91DB8070C00B7D7A9 /* EgglestonFineArtTests */ = {
			isa = PBXNativeTarget;
			buildConfigurationList = 70601DE11DB8070C00B7D7A9 /* Build configuration list for PBXNativeTarget "EgglestonFineArtTests" */;
			buildPhases = (
				70601DC61DB8070C00B7D7A9 /* Sources */,
				70601DC71DB8070C00B7D7A9 /* Frameworks */,
				70601DC81DB8070C00B7D7A9 /* Resources */,
			);
			buildRules = (
			);
			dependencies = (
				70601DCC1DB8070C00B7D7A9 /* PBXTargetDependency */,
			);
			name = EgglestonFineArtTests;
			productName = EgglestonFineArtTests;
			productReference = 70601DCA1DB8070C00B7D7A9 /* EgglestonFineArtTests.xctest */;
			productType = "com.apple.product-type.bundle.unit-test";
		};
		70601DD41DB8070C00B7D7A9 /* EgglestonFineArtUITests */ = {
			isa = PBXNativeTarget;
			buildConfigurationList = 70601DE41DB8070C00B7D7A9 /* Build configuration list for PBXNativeTarget "EgglestonFineArtUITests" */;
			buildPhases = (
				70601DD11DB8070C00B7D7A9 /* Sources */,
				70601DD21DB8070C00B7D7A9 /* Frameworks */,
				70601DD31DB8070C00B7D7A9 /* Resources */,
			);
			buildRules = (
			);
			dependencies = (
				70601DD71DB8070C00B7D7A9 /* PBXTargetDependency */,
			);
			name = EgglestonFineArtUITests;
			productName = EgglestonFineArtUITests;
			productReference = 70601DD51DB8070C00B7D7A9 /* EgglestonFineArtUITests.xctest */;
			productType = "com.apple.product-type.bundle.ui-testing";
		};
/* End PBXNativeTarget section */

/* Begin PBXProject section */
		70601DAE1DB8070C00B7D7A9 /* Project object */ = {
			isa = PBXProject;
			attributes = {
				LastSwiftUpdateCheck = 0730;
				LastUpgradeCheck = 0730;
				ORGANIZATIONNAME = "Eggleston,Tyler M";
				TargetAttributes = {
					70601DB51DB8070C00B7D7A9 = {
						CreatedOnToolsVersion = 7.3.1;
					};
					70601DC91DB8070C00B7D7A9 = {
						CreatedOnToolsVersion = 7.3.1;
						TestTargetID = 70601DB51DB8070C00B7D7A9;
					};
					70601DD41DB8070C00B7D7A9 = {
						CreatedOnToolsVersion = 7.3.1;
						TestTargetID = 70601DB51DB8070C00B7D7A9;
					};
				};
			};
			buildConfigurationList = 70601DB11DB8070C00B7D7A9 /* Build configuration list for PBXProject "EgglestonFineArt" */;
			compatibilityVersion = "Xcode 3.2";
			developmentRegion = English;
			hasScannedForEncodings = 0;
			knownRegions = (
				en,
				Base,
			);
			mainGroup = 70601DAD1DB8070C00B7D7A9;
			productRefGroup = 70601DB71DB8070C00B7D7A9 /* Products */;
			projectDirPath = "";
			projectRoot = "";
			targets = (
				70601DB51DB8070C00B7D7A9 /* EgglestonFineArt */,
				70601DC91DB8070C00B7D7A9 /* EgglestonFineArtTests */,
				70601DD41DB8070C00B7D7A9 /* EgglestonFineArtUITests */,
			);
		};
/* End PBXProject section */

/* Begin PBXResourcesBuildPhase section */
		70601DB41DB8070C00B7D7A9 /* Resources */ = {
			isa = PBXResourcesBuildPhase;
			buildActionMask = 2147483647;
			files = (
				70601DC41DB8070C00B7D7A9 /* LaunchScreen.storyboard in Resources */,
				70601DC11DB8070C00B7D7A9 /* Assets.xcassets in Resources */,
				70601DBF1DB8070C00B7D7A9 /* Main.storyboard in Resources */,
			);
			runOnlyForDeploymentPostprocessing = 0;
		};
		70601DC81DB8070C00B7D7A9 /* Resources */ = {
			isa = PBXResourcesBuildPhase;
			buildActionMask = 2147483647;
			files = (
			);
			runOnlyForDeploymentPostprocessing = 0;
		};
		70601DD31DB8070C00B7D7A9 /* Resources */ = {
			isa = PBXResourcesBuildPhase;
			buildActionMask = 2147483647;
			files = (
			);
			runOnlyForDeploymentPostprocessing = 0;
		};
/* End PBXResourcesBuildPhase section */

/* Begin PBXSourcesBuildPhase section */
		70601DB21DB8070C00B7D7A9 /* Sources */ = {
			isa = PBXSourcesBuildPhase;
			buildActionMask = 2147483647;
			files = (
				70601DBC1DB8070C00B7D7A9 /* PaintingInfoViewController.swift in Sources */,
				707FC9F21DB80DC6003A1F83 /* CulturalAttractions.swift in Sources */,
				707FC9F61DB80ED6003A1F83 /* CulturalAttractionsTableViewTableViewController.swift in Sources */,
				707FC9F41DB80DC6003A1F83 /* Painting.swift in Sources */,
				70601DBA1DB8070C00B7D7A9 /* AppDelegate.swift in Sources */,
				707FC9F81DB80EE4003A1F83 /* PaintingsTableViewController.swift in Sources */,
				707FC9F31DB80DC6003A1F83 /* Museum.swift in Sources */,
			);
			runOnlyForDeploymentPostprocessing = 0;
		};
		70601DC61DB8070C00B7D7A9 /* Sources */ = {
			isa = PBXSourcesBuildPhase;
			buildActionMask = 2147483647;
			files = (
				70601DCF1DB8070C00B7D7A9 /* EgglestonFineArtTests.swift in Sources */,
			);
			runOnlyForDeploymentPostprocessing = 0;
		};
		70601DD11DB8070C00B7D7A9 /* Sources */ = {
			isa = PBXSourcesBuildPhase;
			buildActionMask = 2147483647;
			files = (
				70601DDA1DB8070C00B7D7A9 /* EgglestonFineArtUITests.swift in Sources */,
			);
			runOnlyForDeploymentPostprocessing = 0;
		};
/* End PBXSourcesBuildPhase section */

/* Begin PBXTargetDependency section */
		70601DCC1DB8070C00B7D7A9 /* PBXTargetDependency */ = {
			isa = PBXTargetDependency;
			target = 70601DB51DB8070C00B7D7A9 /* EgglestonFineArt */;
			targetProxy = 70601DCB1DB8070C00B7D7A9 /* PBXContainerItemProxy */;
		};
		70601DD71DB8070C00B7D7A9 /* PBXTargetDependency */ = {
			isa = PBXTargetDependency;
			target = 70601DB51DB8070C00B7D7A9 /* EgglestonFineArt */;
			targetProxy = 70601DD61DB8070C00B7D7A9 /* PBXContainerItemProxy */;
		};
/* End PBXTargetDependency section */

/* Begin PBXVariantGroup section */
		70601DBD1DB8070C00B7D7A9 /* Main.storyboard */ = {
			isa = PBXVariantGroup;
			children = (
				70601DBE1DB8070C00B7D7A9 /* Base */,
			);
			name = Main.storyboard;
			sourceTree = "<group>";
		};
		70601DC21DB8070C00B7D7A9 /* LaunchScreen.storyboard */ = {
			isa = PBXVariantGroup;
			children = (
				70601DC31DB8070C00B7D7A9 /* Base */,
			);
			name = LaunchScreen.storyboard;
			sourceTree = "<group>";
		};
/* End PBXVariantGroup section */

/* Begin XCBuildConfiguration section */
		70601DDC1DB8070C00B7D7A9 /* Debug */ = {
			isa = XCBuildConfiguration;
			buildSettings = {
				ALWAYS_SEARCH_USER_PATHS = NO;
				CLANG_ANALYZER_NONNULL = YES;
				CLANG_CXX_LANGUAGE_STANDARD = "gnu++0x";
				CLANG_CXX_LIBRARY = "libc++";
				CLANG_ENABLE_MODULES = YES;
				CLANG_ENABLE_OBJC_ARC = YES;
				CLANG_WARN_BOOL_CONVERSION = YES;
				CLANG_WARN_CONSTANT_CONVERSION = YES;
				CLANG_WARN_DIRECT_OBJC_ISA_USAGE = YES_ERROR;
				CLANG_WARN_EMPTY_BODY = YES;
				CLANG_WARN_ENUM_CONVERSION = YES;
				CLANG_WARN_INT_CONVERSION = YES;
				CLANG_WARN_OBJC_ROOT_CLASS = YES_ERROR;
				CLANG_WARN_UNREACHABLE_CODE = YES;
				CLANG_WARN__DUPLICATE_METHOD_MATCH = YES;
				"CODE_SIGN_IDENTITY[sdk=iphoneos*]" = "iPhone Developer";
				COPY_PHASE_STRIP = NO;
				DEBUG_INFORMATION_FORMAT = dwarf;
				ENABLE_STRICT_OBJC_MSGSEND = YES;
				ENABLE_TESTABILITY = YES;
				GCC_C_LANGUAGE_STANDARD = gnu99;
				GCC_DYNAMIC_NO_PIC = NO;
				GCC_NO_COMMON_BLOCKS = YES;
				GCC_OPTIMIZATION_LEVEL = 0;
				GCC_PREPROCESSOR_DEFINITIONS = (
					"DEBUG=1",
					"$(inherited)",
				);
				GCC_WARN_64_TO_32_BIT_CONVERSION = YES;
				GCC_WARN_ABOUT_RETURN_TYPE = YES_ERROR;
				GCC_WARN_UNDECLARED_SELECTOR = YES;
				GCC_WARN_UNINITIALIZED_AUTOS = YES_AGGRESSIVE;
				GCC_WARN_UNUSED_FUNCTION = YES;
				GCC_WARN_UNUSED_VARIABLE = YES;
				IPHONEOS_DEPLOYMENT_TARGET = 9.3;
				MTL_ENABLE_DEBUG_INFO = YES;
				ONLY_ACTIVE_ARCH = YES;
				SDKROOT = iphoneos;
				SWIFT_OPTIMIZATION_LEVEL = "-Onone";
			};
			name = Debug;
		};
		70601DDD1DB8070C00B7D7A9 /* Release */ = {
			isa = XCBuildConfiguration;
			buildSettings = {
				ALWAYS_SEARCH_USER_PATHS = NO;
				CLANG_ANALYZER_NONNULL = YES;
				CLANG_CXX_LANGUAGE_STANDARD = "gnu++0x";
				CLANG_CXX_LIBRARY = "libc++";
				CLANG_ENABLE_MODULES = YES;
				CLANG_ENABLE_OBJC_ARC = YES;
				CLANG_WARN_BOOL_CONVERSION = YES;
				CLANG_WARN_CONSTANT_CONVERSION = YES;
				CLANG_WARN_DIRECT_OBJC_ISA_USAGE = YES_ERROR;
				CLANG_WARN_EMPTY_BODY = YES;
				CLANG_WARN_ENUM_CONVERSION = YES;
				CLANG_WARN_INT_CONVERSION = YES;
				CLANG_WARN_OBJC_ROOT_CLASS = YES_ERROR;
				CLANG_WARN_UNREACHABLE_CODE = YES;
				CLANG_WARN__DUPLICATE_METHOD_MATCH = YES;
				"CODE_SIGN_IDENTITY[sdk=iphoneos*]" = "iPhone Developer";
				COPY_PHASE_STRIP = NO;
				DEBUG_INFORMATION_FORMAT = "dwarf-with-dsym";
				ENABLE_NS_ASSERTIONS = NO;
				ENABLE_STRICT_OBJC_MSGSEND = YES;
				GCC_C_LANGUAGE_STANDARD = gnu99;
				GCC_NO_COMMON_BLOCKS = YES;
				GCC_WARN_64_TO_32_BIT_CONVERSION = YES;
				GCC_WARN_ABOUT_RETURN_TYPE = YES_ERROR;
				GCC_WARN_UNDECLARED_SELECTOR = YES;
				GCC_WARN_UNINITIALIZED_AUTOS = YES_AGGRESSIVE;
				GCC_WARN_UNUSED_FUNCTION = YES;
				GCC_WARN_UNUSED_VARIABLE = YES;
				IPHONEOS_DEPLOYMENT_TARGET = 9.3;
				MTL_ENABLE_DEBUG_INFO = NO;
				SDKROOT = iphoneos;
				VALIDATE_PRODUCT = YES;
			};
			name = Release;
		};
		70601DDF1DB8070C00B7D7A9 /* Debug */ = {
			isa = XCBuildConfiguration;
			buildSettings = {
				ASSETCATALOG_COMPILER_APPICON_NAME = AppIcon;
				INFOPLIST_FILE = EgglestonFineArt/Info.plist;
				LD_RUNPATH_SEARCH_PATHS = "$(inherited) @executable_path/Frameworks";
				PRODUCT_BUNDLE_IDENTIFIER = Eggo.EgglestonFineArt;
				PRODUCT_NAME = "$(TARGET_NAME)";
			};
			name = Debug;
		};
		70601DE01DB8070C00B7D7A9 /* Release */ = {
			isa = XCBuildConfiguration;
			buildSettings = {
				ASSETCATALOG_COMPILER_APPICON_NAME = AppIcon;
				INFOPLIST_FILE = EgglestonFineArt/Info.plist;
				LD_RUNPATH_SEARCH_PATHS = "$(inherited) @executable_path/Frameworks";
				PRODUCT_BUNDLE_IDENTIFIER = Eggo.EgglestonFineArt;
				PRODUCT_NAME = "$(TARGET_NAME)";
			};
			name = Release;
		};
		70601DE21DB8070C00B7D7A9 /* Debug */ = {
			isa = XCBuildConfiguration;
			buildSettings = {
				BUNDLE_LOADER = "$(TEST_HOST)";
				INFOPLIST_FILE = EgglestonFineArtTests/Info.plist;
				LD_RUNPATH_SEARCH_PATHS = "$(inherited) @executable_path/Frameworks @loader_path/Frameworks";
				PRODUCT_BUNDLE_IDENTIFIER = Eggo.EgglestonFineArtTests;
				PRODUCT_NAME = "$(TARGET_NAME)";
				TEST_HOST = "$(BUILT_PRODUCTS_DIR)/EgglestonFineArt.app/EgglestonFineArt";
			};
			name = Debug;
		};
		70601DE31DB8070C00B7D7A9 /* Release */ = {
			isa = XCBuildConfiguration;
			buildSettings = {
				BUNDLE_LOADER = "$(TEST_HOST)";
				INFOPLIST_FILE = EgglestonFineArtTests/Info.plist;
				LD_RUNPATH_SEARCH_PATHS = "$(inherited) @executable_path/Frameworks @loader_path/Frameworks";
				PRODUCT_BUNDLE_IDENTIFIER = Eggo.EgglestonFineArtTests;
				PRODUCT_NAME = "$(TARGET_NAME)";
				TEST_HOST = "$(BUILT_PRODUCTS_DIR)/EgglestonFineArt.app/EgglestonFineArt";
			};
			name = Release;
		};
		70601DE51DB8070C00B7D7A9 /* Debug */ = {
			isa = XCBuildConfiguration;
			buildSettings = {
				INFOPLIST_FILE = EgglestonFineArtUITests/Info.plist;
				LD_RUNPATH_SEARCH_PATHS = "$(inherited) @executable_path/Frameworks @loader_path/Frameworks";
				PRODUCT_BUNDLE_IDENTIFIER = Eggo.EgglestonFineArtUITests;
				PRODUCT_NAME = "$(TARGET_NAME)";
				TEST_TARGET_NAME = EgglestonFineArt;
			};
			name = Debug;
		};
		70601DE61DB8070C00B7D7A9 /* Release */ = {
			isa = XCBuildConfiguration;
			buildSettings = {
				INFOPLIST_FILE = EgglestonFineArtUITests/Info.plist;
				LD_RUNPATH_SEARCH_PATHS = "$(inherited) @executable_path/Frameworks @loader_path/Frameworks";
				PRODUCT_BUNDLE_IDENTIFIER = Eggo.EgglestonFineArtUITests;
				PRODUCT_NAME = "$(TARGET_NAME)";
				TEST_TARGET_NAME = EgglestonFineArt;
			};
			name = Release;
		};
/* End XCBuildConfiguration section */

/* Begin XCConfigurationList section */
		70601DB11DB8070C00B7D7A9 /* Build configuration list for PBXProject "EgglestonFineArt" */ = {
			isa = XCConfigurationList;
			buildConfigurations = (
				70601DDC1DB8070C00B7D7A9 /* Debug */,
				70601DDD1DB8070C00B7D7A9 /* Release */,
			);
			defaultConfigurationIsVisible = 0;
			defaultConfigurationName = Release;
		};
		70601DDE1DB8070C00B7D7A9 /* Build configuration list for PBXNativeTarget "EgglestonFineArt" */ = {
			isa = XCConfigurationList;
			buildConfigurations = (
				70601DDF1DB8070C00B7D7A9 /* Debug */,
				70601DE01DB8070C00B7D7A9 /* Release */,
			);
			defaultConfigurationIsVisible = 0;
			defaultConfigurationName = Release;
		};
		70601DE11DB8070C00B7D7A9 /* Build configuration list for PBXNativeTarget "EgglestonFineArtTests" */ = {
			isa = XCConfigurationList;
			buildConfigurations = (
				70601DE21DB8070C00B7D7A9 /* Debug */,
				70601DE31DB8070C00B7D7A9 /* Release */,
			);
			defaultConfigurationIsVisible = 0;
			defaultConfigurationName = Release;
		};
		70601DE41DB8070C00B7D7A9 /* Build configuration list for PBXNativeTarget "EgglestonFineArtUITests" */ = {
			isa = XCConfigurationList;
			buildConfigurations = (
				70601DE51DB8070C00B7D7A9 /* Debug */,
				70601DE61DB8070C00B7D7A9 /* Release */,
			);
			defaultConfigurationIsVisible = 0;
			defaultConfigurationName = Release;
		};
/* End XCConfigurationList section */
	};
	rootObject = 70601DAE1DB8070C00B7D7A9 /* Project object */;
}
